Microsoft Visual Studio Solution File, Format Version 12.00
# Visual Studio 15
VisualStudioVersion = 15.0.26430.14
MinimumVisualStudioVersion = 10.0.40219.1
Project("{2150E333-8FDC-42A3-9474-1A3956D46DE8}") = "src", "src", "{B295658C-5449-42EC-9610-F6C991E441B4}"
EndProject
Project("{FAE04EC0-301F-11D3-BF4B-00C04F79EFBC}") = "z0.inx.core", "src\core\z0.inx.core.csproj", "{1FCE9C4C-952E-4922-B5CB-65523A471B4E}"
EndProject
Project("{FAE04EC0-301F-11D3-BF4B-00C04F79EFBC}") = "z0.inx.dsl", "src\dsl\z0.inx.dsl.csproj", "{01A4D7BA-2155-47F2-9BB7-EBFAE58D2D31}"
EndProject
Project("{FAE04EC0-301F-11D3-BF4B-00C04F79EFBC}") = "z0.inx.test", "test\z0.inx.test.csproj", "{615AD89F-F366-4E3D-8D4B-8E901961B330}"
EndProject
Global
	GlobalSection(SolutionProperties) = preSolution
		HideSolutionNode = FALSE
	EndGlobalSection
	GlobalSection(SolutionConfigurationPlatforms) = preSolution
		Debug|Any CPU = Debug|Any CPU
		Debug|x64 = Debug|x64
		Debug|x86 = Debug|x86
		Release|Any CPU = Release|Any CPU
		Release|x64 = Release|x64
		Release|x86 = Release|x86
	EndGlobalSection
	GlobalSection(ProjectConfigurationPlatforms) = postSolution
		{1FCE9C4C-952E-4922-B5CB-65523A471B4E}.Debug|Any CPU.ActiveCfg = Debug|Any CPU
		{1FCE9C4C-952E-4922-B5CB-65523A471B4E}.Debug|Any CPU.Build.0 = Debug|Any CPU
		{1FCE9C4C-952E-4922-B5CB-65523A471B4E}.Debug|x64.ActiveCfg = Debug|Any CPU
		{1FCE9C4C-952E-4922-B5CB-65523A471B4E}.Debug|x64.Build.0 = Debug|Any CPU
		{1FCE9C4C-952E-4922-B5CB-65523A471B4E}.Debug|x86.ActiveCfg = Debug|Any CPU
		{1FCE9C4C-952E-4922-B5CB-65523A471B4E}.Debug|x86.Build.0 = Debug|Any CPU
		{1FCE9C4C-952E-4922-B5CB-65523A471B4E}.Release|Any CPU.ActiveCfg = Release|Any CPU
		{1FCE9C4C-952E-4922-B5CB-65523A471B4E}.Release|Any CPU.Build.0 = Release|Any CPU
		{1FCE9C4C-952E-4922-B5CB-65523A471B4E}.Release|x64.ActiveCfg = Release|Any CPU
		{1FCE9C4C-952E-4922-B5CB-65523A471B4E}.Release|x64.Build.0 = Release|Any CPU
		{1FCE9C4C-952E-4922-B5CB-65523A471B4E}.Release|x86.ActiveCfg = Release|Any CPU
		{1FCE9C4C-952E-4922-B5CB-65523A471B4E}.Release|x86.Build.0 = Release|Any CPU
		{01A4D7BA-2155-47F2-9BB7-EBFAE58D2D31}.Debug|Any CPU.ActiveCfg = Debug|Any CPU
		{01A4D7BA-2155-47F2-9BB7-EBFAE58D2D31}.Debug|Any CPU.Build.0 = Debug|Any CPU
		{01A4D7BA-2155-47F2-9BB7-EBFAE58D2D31}.Debug|x64.ActiveCfg = Debug|Any CPU
		{01A4D7BA-2155-47F2-9BB7-EBFAE58D2D31}.Debug|x64.Build.0 = Debug|Any CPU
		{01A4D7BA-2155-47F2-9BB7-EBFAE58D2D31}.Debug|x86.ActiveCfg = Debug|Any CPU
		{01A4D7BA-2155-47F2-9BB7-EBFAE58D2D31}.Debug|x86.Build.0 = Debug|Any CPU
		{01A4D7BA-2155-47F2-9BB7-EBFAE58D2D31}.Release|Any CPU.ActiveCfg = Release|Any CPU
		{01A4D7BA-2155-47F2-9BB7-EBFAE58D2D31}.Release|Any CPU.Build.0 = Release|Any CPU
		{01A4D7BA-2155-47F2-9BB7-EBFAE58D2D31}.Release|x64.ActiveCfg = Release|Any CPU
		{01A4D7BA-2155-47F2-9BB7-EBFAE58D2D31}.Release|x64.Build.0 = Release|Any CPU
		{01A4D7BA-2155-47F2-9BB7-EBFAE58D2D31}.Release|x86.ActiveCfg = Release|Any CPU
		{01A4D7BA-2155-47F2-9BB7-EBFAE58D2D31}.Release|x86.Build.0 = Release|Any CPU
		{615AD89F-F366-4E3D-8D4B-8E901961B330}.Debug|Any CPU.ActiveCfg = Debug|Any CPU
		{615AD89F-F366-4E3D-8D4B-8E901961B330}.Debug|Any CPU.Build.0 = Debug|Any CPU
		{615AD89F-F366-4E3D-8D4B-8E901961B330}.Debug|x64.ActiveCfg = Debug|Any CPU
		{615AD89F-F366-4E3D-8D4B-8E901961B330}.Debug|x64.Build.0 = Debug|Any CPU
		{615AD89F-F366-4E3D-8D4B-8E901961B330}.Debug|x86.ActiveCfg = Debug|Any CPU
		{615AD89F-F366-4E3D-8D4B-8E901961B330}.Debug|x86.Build.0 = Debug|Any CPU
		{615AD89F-F366-4E3D-8D4B-8E901961B330}.Release|Any CPU.ActiveCfg = Release|Any CPU
		{615AD89F-F366-4E3D-8D4B-8E901961B330}.Release|Any CPU.Build.0 = Release|Any CPU
		{615AD89F-F366-4E3D-8D4B-8E901961B330}.Release|x64.ActiveCfg = Release|Any CPU
		{615AD89F-F366-4E3D-8D4B-8E901961B330}.Release|x64.Build.0 = Release|Any CPU
		{615AD89F-F366-4E3D-8D4B-8E901961B330}.Release|x86.ActiveCfg = Release|Any CPU
		{615AD89F-F366-4E3D-8D4B-8E901961B330}.Release|x86.Build.0 = Release|Any CPU
	EndGlobalSection
	GlobalSection(NestedProjects) = preSolution
		{1FCE9C4C-952E-4922-B5CB-65523A471B4E} = {B295658C-5449-42EC-9610-F6C991E441B4}
		{01A4D7BA-2155-47F2-9BB7-EBFAE58D2D31} = {B295658C-5449-42EC-9610-F6C991E441B4}
	EndGlobalSection
EndGlobal
