Microsoft Visual Studio Solution File, Format Version 12.00
# Visual Studio 15
VisualStudioVersion = 15.0.26430.14
MinimumVisualStudioVersion = 10.0.40219.1
Project("{FAE04EC0-301F-11D3-BF4B-00C04F79EFBC}") = "z0.mathlibs.test", "test\z0.mathlibs.test.csproj", "{AEECA9AA-79D3-4460-9CA1-A9AACE8B3AAF}"
EndProject
Project("{FAE04EC0-301F-11D3-BF4B-00C04F79EFBC}") = "z0.structs", "..\structs\z0.structs.csproj", "{44D8C781-4D2B-4F23-9ADF-285817B63B5F}"
EndProject
Project("{FAE04EC0-301F-11D3-BF4B-00C04F79EFBC}") = "z0.nats", "..\nats\z0.nats.csproj", "{772B25FC-A08C-4195-81DA-7DDC890F15E2}"
EndProject
Project("{FAE04EC0-301F-11D3-BF4B-00C04F79EFBC}") = "z0.zfunc", "..\func\z0.zfunc.csproj", "{22D0E693-C186-4F58-B334-D9D52055D359}"
EndProject
Project("{FAE04EC0-301F-11D3-BF4B-00C04F79EFBC}") = "z0.primal", "..\primal\z0.primal.csproj", "{AFFD103E-13A6-4206-985C-22E89F5B6BCD}"
EndProject
Project("{FAE04EC0-301F-11D3-BF4B-00C04F79EFBC}") = "z0.rng.core", "..\rng\src\core\z0.rng.core.csproj", "{9D99F7BE-A5BE-44A8-AB89-2A99F538EF5A}"
EndProject
Project("{FAE04EC0-301F-11D3-BF4B-00C04F79EFBC}") = "z0.testing", "..\testing\z0.testing.csproj", "{AB4B7651-DCF1-4661-89D0-423099397800}"
EndProject
Project("{FAE04EC0-301F-11D3-BF4B-00C04F79EFBC}") = "z0.cephes", "cephes\z0.cephes.csproj", "{9FC154F3-8355-4F2F-BCF9-B7BA7FD6B44F}"
EndProject
Project("{FAE04EC0-301F-11D3-BF4B-00C04F79EFBC}") = "z0.libm", "libm\z0.libm.csproj", "{00C156B0-0F89-4428-B377-A6D95F624414}"
EndProject
Global
	GlobalSection(SolutionProperties) = preSolution
		HideSolutionNode = FALSE
	EndGlobalSection
	GlobalSection(SolutionConfigurationPlatforms) = preSolution
		Debug|Any CPU = Debug|Any CPU
		Debug|x64 = Debug|x64
		Debug|x86 = Debug|x86
		Release|Any CPU = Release|Any CPU
		Release|x64 = Release|x64
		Release|x86 = Release|x86
	EndGlobalSection
	GlobalSection(ProjectConfigurationPlatforms) = postSolution
		{AEECA9AA-79D3-4460-9CA1-A9AACE8B3AAF}.Debug|Any CPU.ActiveCfg = Debug|Any CPU
		{AEECA9AA-79D3-4460-9CA1-A9AACE8B3AAF}.Debug|Any CPU.Build.0 = Debug|Any CPU
		{AEECA9AA-79D3-4460-9CA1-A9AACE8B3AAF}.Debug|x64.ActiveCfg = Debug|Any CPU
		{AEECA9AA-79D3-4460-9CA1-A9AACE8B3AAF}.Debug|x64.Build.0 = Debug|Any CPU
		{AEECA9AA-79D3-4460-9CA1-A9AACE8B3AAF}.Debug|x86.ActiveCfg = Debug|Any CPU
		{AEECA9AA-79D3-4460-9CA1-A9AACE8B3AAF}.Debug|x86.Build.0 = Debug|Any CPU
		{AEECA9AA-79D3-4460-9CA1-A9AACE8B3AAF}.Release|Any CPU.ActiveCfg = Release|Any CPU
		{AEECA9AA-79D3-4460-9CA1-A9AACE8B3AAF}.Release|Any CPU.Build.0 = Release|Any CPU
		{AEECA9AA-79D3-4460-9CA1-A9AACE8B3AAF}.Release|x64.ActiveCfg = Release|Any CPU
		{AEECA9AA-79D3-4460-9CA1-A9AACE8B3AAF}.Release|x64.Build.0 = Release|Any CPU
		{AEECA9AA-79D3-4460-9CA1-A9AACE8B3AAF}.Release|x86.ActiveCfg = Release|Any CPU
		{AEECA9AA-79D3-4460-9CA1-A9AACE8B3AAF}.Release|x86.Build.0 = Release|Any CPU
		{44D8C781-4D2B-4F23-9ADF-285817B63B5F}.Debug|Any CPU.ActiveCfg = Debug|Any CPU
		{44D8C781-4D2B-4F23-9ADF-285817B63B5F}.Debug|Any CPU.Build.0 = Debug|Any CPU
		{44D8C781-4D2B-4F23-9ADF-285817B63B5F}.Debug|x64.ActiveCfg = Debug|Any CPU
		{44D8C781-4D2B-4F23-9ADF-285817B63B5F}.Debug|x64.Build.0 = Debug|Any CPU
		{44D8C781-4D2B-4F23-9ADF-285817B63B5F}.Debug|x86.ActiveCfg = Debug|Any CPU
		{44D8C781-4D2B-4F23-9ADF-285817B63B5F}.Debug|x86.Build.0 = Debug|Any CPU
		{44D8C781-4D2B-4F23-9ADF-285817B63B5F}.Release|Any CPU.ActiveCfg = Release|Any CPU
		{44D8C781-4D2B-4F23-9ADF-285817B63B5F}.Release|Any CPU.Build.0 = Release|Any CPU
		{44D8C781-4D2B-4F23-9ADF-285817B63B5F}.Release|x64.ActiveCfg = Release|Any CPU
		{44D8C781-4D2B-4F23-9ADF-285817B63B5F}.Release|x64.Build.0 = Release|Any CPU
		{44D8C781-4D2B-4F23-9ADF-285817B63B5F}.Release|x86.ActiveCfg = Release|Any CPU
		{44D8C781-4D2B-4F23-9ADF-285817B63B5F}.Release|x86.Build.0 = Release|Any CPU
		{772B25FC-A08C-4195-81DA-7DDC890F15E2}.Debug|Any CPU.ActiveCfg = Debug|Any CPU
		{772B25FC-A08C-4195-81DA-7DDC890F15E2}.Debug|Any CPU.Build.0 = Debug|Any CPU
		{772B25FC-A08C-4195-81DA-7DDC890F15E2}.Debug|x64.ActiveCfg = Debug|Any CPU
		{772B25FC-A08C-4195-81DA-7DDC890F15E2}.Debug|x64.Build.0 = Debug|Any CPU
		{772B25FC-A08C-4195-81DA-7DDC890F15E2}.Debug|x86.ActiveCfg = Debug|Any CPU
		{772B25FC-A08C-4195-81DA-7DDC890F15E2}.Debug|x86.Build.0 = Debug|Any CPU
		{772B25FC-A08C-4195-81DA-7DDC890F15E2}.Release|Any CPU.ActiveCfg = Release|Any CPU
		{772B25FC-A08C-4195-81DA-7DDC890F15E2}.Release|Any CPU.Build.0 = Release|Any CPU
		{772B25FC-A08C-4195-81DA-7DDC890F15E2}.Release|x64.ActiveCfg = Release|Any CPU
		{772B25FC-A08C-4195-81DA-7DDC890F15E2}.Release|x64.Build.0 = Release|Any CPU
		{772B25FC-A08C-4195-81DA-7DDC890F15E2}.Release|x86.ActiveCfg = Release|Any CPU
		{772B25FC-A08C-4195-81DA-7DDC890F15E2}.Release|x86.Build.0 = Release|Any CPU
		{22D0E693-C186-4F58-B334-D9D52055D359}.Debug|Any CPU.ActiveCfg = Debug|Any CPU
		{22D0E693-C186-4F58-B334-D9D52055D359}.Debug|Any CPU.Build.0 = Debug|Any CPU
		{22D0E693-C186-4F58-B334-D9D52055D359}.Debug|x64.ActiveCfg = Debug|Any CPU
		{22D0E693-C186-4F58-B334-D9D52055D359}.Debug|x64.Build.0 = Debug|Any CPU
		{22D0E693-C186-4F58-B334-D9D52055D359}.Debug|x86.ActiveCfg = Debug|Any CPU
		{22D0E693-C186-4F58-B334-D9D52055D359}.Debug|x86.Build.0 = Debug|Any CPU
		{22D0E693-C186-4F58-B334-D9D52055D359}.Release|Any CPU.ActiveCfg = Release|Any CPU
		{22D0E693-C186-4F58-B334-D9D52055D359}.Release|Any CPU.Build.0 = Release|Any CPU
		{22D0E693-C186-4F58-B334-D9D52055D359}.Release|x64.ActiveCfg = Release|Any CPU
		{22D0E693-C186-4F58-B334-D9D52055D359}.Release|x64.Build.0 = Release|Any CPU
		{22D0E693-C186-4F58-B334-D9D52055D359}.Release|x86.ActiveCfg = Release|Any CPU
		{22D0E693-C186-4F58-B334-D9D52055D359}.Release|x86.Build.0 = Release|Any CPU
		{AFFD103E-13A6-4206-985C-22E89F5B6BCD}.Debug|Any CPU.ActiveCfg = Debug|Any CPU
		{AFFD103E-13A6-4206-985C-22E89F5B6BCD}.Debug|Any CPU.Build.0 = Debug|Any CPU
		{AFFD103E-13A6-4206-985C-22E89F5B6BCD}.Debug|x64.ActiveCfg = Debug|Any CPU
		{AFFD103E-13A6-4206-985C-22E89F5B6BCD}.Debug|x64.Build.0 = Debug|Any CPU
		{AFFD103E-13A6-4206-985C-22E89F5B6BCD}.Debug|x86.ActiveCfg = Debug|Any CPU
		{AFFD103E-13A6-4206-985C-22E89F5B6BCD}.Debug|x86.Build.0 = Debug|Any CPU
		{AFFD103E-13A6-4206-985C-22E89F5B6BCD}.Release|Any CPU.ActiveCfg = Release|Any CPU
		{AFFD103E-13A6-4206-985C-22E89F5B6BCD}.Release|Any CPU.Build.0 = Release|Any CPU
		{AFFD103E-13A6-4206-985C-22E89F5B6BCD}.Release|x64.ActiveCfg = Release|Any CPU
		{AFFD103E-13A6-4206-985C-22E89F5B6BCD}.Release|x64.Build.0 = Release|Any CPU
		{AFFD103E-13A6-4206-985C-22E89F5B6BCD}.Release|x86.ActiveCfg = Release|Any CPU
		{AFFD103E-13A6-4206-985C-22E89F5B6BCD}.Release|x86.Build.0 = Release|Any CPU
		{9D99F7BE-A5BE-44A8-AB89-2A99F538EF5A}.Debug|Any CPU.ActiveCfg = Debug|Any CPU
		{9D99F7BE-A5BE-44A8-AB89-2A99F538EF5A}.Debug|Any CPU.Build.0 = Debug|Any CPU
		{9D99F7BE-A5BE-44A8-AB89-2A99F538EF5A}.Debug|x64.ActiveCfg = Debug|Any CPU
		{9D99F7BE-A5BE-44A8-AB89-2A99F538EF5A}.Debug|x64.Build.0 = Debug|Any CPU
		{9D99F7BE-A5BE-44A8-AB89-2A99F538EF5A}.Debug|x86.ActiveCfg = Debug|Any CPU
		{9D99F7BE-A5BE-44A8-AB89-2A99F538EF5A}.Debug|x86.Build.0 = Debug|Any CPU
		{9D99F7BE-A5BE-44A8-AB89-2A99F538EF5A}.Release|Any CPU.ActiveCfg = Release|Any CPU
		{9D99F7BE-A5BE-44A8-AB89-2A99F538EF5A}.Release|Any CPU.Build.0 = Release|Any CPU
		{9D99F7BE-A5BE-44A8-AB89-2A99F538EF5A}.Release|x64.ActiveCfg = Release|Any CPU
		{9D99F7BE-A5BE-44A8-AB89-2A99F538EF5A}.Release|x64.Build.0 = Release|Any CPU
		{9D99F7BE-A5BE-44A8-AB89-2A99F538EF5A}.Release|x86.ActiveCfg = Release|Any CPU
		{9D99F7BE-A5BE-44A8-AB89-2A99F538EF5A}.Release|x86.Build.0 = Release|Any CPU
		{AB4B7651-DCF1-4661-89D0-423099397800}.Debug|Any CPU.ActiveCfg = Debug|Any CPU
		{AB4B7651-DCF1-4661-89D0-423099397800}.Debug|Any CPU.Build.0 = Debug|Any CPU
		{AB4B7651-DCF1-4661-89D0-423099397800}.Debug|x64.ActiveCfg = Debug|Any CPU
		{AB4B7651-DCF1-4661-89D0-423099397800}.Debug|x64.Build.0 = Debug|Any CPU
		{AB4B7651-DCF1-4661-89D0-423099397800}.Debug|x86.ActiveCfg = Debug|Any CPU
		{AB4B7651-DCF1-4661-89D0-423099397800}.Debug|x86.Build.0 = Debug|Any CPU
		{AB4B7651-DCF1-4661-89D0-423099397800}.Release|Any CPU.ActiveCfg = Release|Any CPU
		{AB4B7651-DCF1-4661-89D0-423099397800}.Release|Any CPU.Build.0 = Release|Any CPU
		{AB4B7651-DCF1-4661-89D0-423099397800}.Release|x64.ActiveCfg = Release|Any CPU
		{AB4B7651-DCF1-4661-89D0-423099397800}.Release|x64.Build.0 = Release|Any CPU
		{AB4B7651-DCF1-4661-89D0-423099397800}.Release|x86.ActiveCfg = Release|Any CPU
		{AB4B7651-DCF1-4661-89D0-423099397800}.Release|x86.Build.0 = Release|Any CPU
		{9FC154F3-8355-4F2F-BCF9-B7BA7FD6B44F}.Debug|Any CPU.ActiveCfg = Debug|Any CPU
		{9FC154F3-8355-4F2F-BCF9-B7BA7FD6B44F}.Debug|Any CPU.Build.0 = Debug|Any CPU
		{9FC154F3-8355-4F2F-BCF9-B7BA7FD6B44F}.Debug|x64.ActiveCfg = Debug|Any CPU
		{9FC154F3-8355-4F2F-BCF9-B7BA7FD6B44F}.Debug|x64.Build.0 = Debug|Any CPU
		{9FC154F3-8355-4F2F-BCF9-B7BA7FD6B44F}.Debug|x86.ActiveCfg = Debug|Any CPU
		{9FC154F3-8355-4F2F-BCF9-B7BA7FD6B44F}.Debug|x86.Build.0 = Debug|Any CPU
		{9FC154F3-8355-4F2F-BCF9-B7BA7FD6B44F}.Release|Any CPU.ActiveCfg = Release|Any CPU
		{9FC154F3-8355-4F2F-BCF9-B7BA7FD6B44F}.Release|Any CPU.Build.0 = Release|Any CPU
		{9FC154F3-8355-4F2F-BCF9-B7BA7FD6B44F}.Release|x64.ActiveCfg = Release|Any CPU
		{9FC154F3-8355-4F2F-BCF9-B7BA7FD6B44F}.Release|x64.Build.0 = Release|Any CPU
		{9FC154F3-8355-4F2F-BCF9-B7BA7FD6B44F}.Release|x86.ActiveCfg = Release|Any CPU
		{9FC154F3-8355-4F2F-BCF9-B7BA7FD6B44F}.Release|x86.Build.0 = Release|Any CPU
		{00C156B0-0F89-4428-B377-A6D95F624414}.Debug|Any CPU.ActiveCfg = Debug|Any CPU
		{00C156B0-0F89-4428-B377-A6D95F624414}.Debug|Any CPU.Build.0 = Debug|Any CPU
		{00C156B0-0F89-4428-B377-A6D95F624414}.Debug|x64.ActiveCfg = Debug|Any CPU
		{00C156B0-0F89-4428-B377-A6D95F624414}.Debug|x64.Build.0 = Debug|Any CPU
		{00C156B0-0F89-4428-B377-A6D95F624414}.Debug|x86.ActiveCfg = Debug|Any CPU
		{00C156B0-0F89-4428-B377-A6D95F624414}.Debug|x86.Build.0 = Debug|Any CPU
		{00C156B0-0F89-4428-B377-A6D95F624414}.Release|Any CPU.ActiveCfg = Release|Any CPU
		{00C156B0-0F89-4428-B377-A6D95F624414}.Release|Any CPU.Build.0 = Release|Any CPU
		{00C156B0-0F89-4428-B377-A6D95F624414}.Release|x64.ActiveCfg = Release|Any CPU
		{00C156B0-0F89-4428-B377-A6D95F624414}.Release|x64.Build.0 = Release|Any CPU
		{00C156B0-0F89-4428-B377-A6D95F624414}.Release|x86.ActiveCfg = Release|Any CPU
		{00C156B0-0F89-4428-B377-A6D95F624414}.Release|x86.Build.0 = Release|Any CPU
	EndGlobalSection
EndGlobal
