Microsoft Visual Studio Solution File, Format Version 12.00
# Visual Studio 15
VisualStudioVersion = 15.0.26430.14
MinimumVisualStudioVersion = 10.0.40219.1
Project("{FAE04EC0-301F-11D3-BF4B-00C04F79EFBC}") = "z0.structs", "..\structs\z0.structs.csproj", "{CE3057B7-EDB7-43D0-BCD6-D4B079E49C25}"
EndProject
Project("{FAE04EC0-301F-11D3-BF4B-00C04F79EFBC}") = "z0.nats", "..\nats\z0.nats.csproj", "{AC0A8524-3839-47C0-8110-7A83C62DDB08}"
EndProject
Project("{FAE04EC0-301F-11D3-BF4B-00C04F79EFBC}") = "z0.zfunc", "..\func\z0.zfunc.csproj", "{F65A0319-D07E-48CB-9006-533BA3EFEDE8}"
EndProject
Project("{FAE04EC0-301F-11D3-BF4B-00C04F79EFBC}") = "z0.matrix", "..\matrix\src\z0.matrix.csproj", "{4A4EBDB3-3625-4EF7-AFC9-429FFC2AC7FD}"
EndProject
Project("{FAE04EC0-301F-11D3-BF4B-00C04F79EFBC}") = "z0.primal", "..\primal\z0.primal.csproj", "{31D7BD57-0433-4D7A-BC75-EBDD01E878D3}"
EndProject
Project("{FAE04EC0-301F-11D3-BF4B-00C04F79EFBC}") = "z0.inx.core", "..\inx\src\core\z0.inx.core.csproj", "{EDB4FE4C-8731-46C9-9C4F-ABC0FB17311E}"
EndProject
Project("{FAE04EC0-301F-11D3-BF4B-00C04F79EFBC}") = "z0.rng.core", "..\rng\src\core\z0.rng.core.csproj", "{819C2219-15CA-46E4-80D5-7FF51AD6E553}"
EndProject
Project("{FAE04EC0-301F-11D3-BF4B-00C04F79EFBC}") = "z0.bits", "..\bits\src\z0.bits.csproj", "{568F5823-F2C1-49ED-BDDF-3D3C46F591DD}"
EndProject
Project("{FAE04EC0-301F-11D3-BF4B-00C04F79EFBC}") = "z0.testing", "..\testing\z0.testing.csproj", "{A5FD4A09-97DD-40E8-A8B1-C7C5142FDF67}"
EndProject
Project("{FAE04EC0-301F-11D3-BF4B-00C04F79EFBC}") = "z0.circuits", "src\z0.circuits.csproj", "{415503B2-A749-4EF1-90C9-7C407D93167F}"
EndProject
Project("{FAE04EC0-301F-11D3-BF4B-00C04F79EFBC}") = "z0.circuits.test", "test\z0.circuits.test.csproj", "{FFC0AFD9-87D3-4A51-8044-EFA28002DCD7}"
EndProject
Global
	GlobalSection(SolutionProperties) = preSolution
		HideSolutionNode = FALSE
	EndGlobalSection
	GlobalSection(SolutionConfigurationPlatforms) = preSolution
		Debug|Any CPU = Debug|Any CPU
		Debug|x64 = Debug|x64
		Debug|x86 = Debug|x86
		Release|Any CPU = Release|Any CPU
		Release|x64 = Release|x64
		Release|x86 = Release|x86
	EndGlobalSection
	GlobalSection(ProjectConfigurationPlatforms) = postSolution
		{CE3057B7-EDB7-43D0-BCD6-D4B079E49C25}.Debug|Any CPU.ActiveCfg = Debug|Any CPU
		{CE3057B7-EDB7-43D0-BCD6-D4B079E49C25}.Debug|Any CPU.Build.0 = Debug|Any CPU
		{CE3057B7-EDB7-43D0-BCD6-D4B079E49C25}.Debug|x64.ActiveCfg = Debug|Any CPU
		{CE3057B7-EDB7-43D0-BCD6-D4B079E49C25}.Debug|x64.Build.0 = Debug|Any CPU
		{CE3057B7-EDB7-43D0-BCD6-D4B079E49C25}.Debug|x86.ActiveCfg = Debug|Any CPU
		{CE3057B7-EDB7-43D0-BCD6-D4B079E49C25}.Debug|x86.Build.0 = Debug|Any CPU
		{CE3057B7-EDB7-43D0-BCD6-D4B079E49C25}.Release|Any CPU.ActiveCfg = Release|Any CPU
		{CE3057B7-EDB7-43D0-BCD6-D4B079E49C25}.Release|Any CPU.Build.0 = Release|Any CPU
		{CE3057B7-EDB7-43D0-BCD6-D4B079E49C25}.Release|x64.ActiveCfg = Release|Any CPU
		{CE3057B7-EDB7-43D0-BCD6-D4B079E49C25}.Release|x64.Build.0 = Release|Any CPU
		{CE3057B7-EDB7-43D0-BCD6-D4B079E49C25}.Release|x86.ActiveCfg = Release|Any CPU
		{CE3057B7-EDB7-43D0-BCD6-D4B079E49C25}.Release|x86.Build.0 = Release|Any CPU
		{AC0A8524-3839-47C0-8110-7A83C62DDB08}.Debug|Any CPU.ActiveCfg = Debug|Any CPU
		{AC0A8524-3839-47C0-8110-7A83C62DDB08}.Debug|Any CPU.Build.0 = Debug|Any CPU
		{AC0A8524-3839-47C0-8110-7A83C62DDB08}.Debug|x64.ActiveCfg = Debug|Any CPU
		{AC0A8524-3839-47C0-8110-7A83C62DDB08}.Debug|x64.Build.0 = Debug|Any CPU
		{AC0A8524-3839-47C0-8110-7A83C62DDB08}.Debug|x86.ActiveCfg = Debug|Any CPU
		{AC0A8524-3839-47C0-8110-7A83C62DDB08}.Debug|x86.Build.0 = Debug|Any CPU
		{AC0A8524-3839-47C0-8110-7A83C62DDB08}.Release|Any CPU.ActiveCfg = Release|Any CPU
		{AC0A8524-3839-47C0-8110-7A83C62DDB08}.Release|Any CPU.Build.0 = Release|Any CPU
		{AC0A8524-3839-47C0-8110-7A83C62DDB08}.Release|x64.ActiveCfg = Release|Any CPU
		{AC0A8524-3839-47C0-8110-7A83C62DDB08}.Release|x64.Build.0 = Release|Any CPU
		{AC0A8524-3839-47C0-8110-7A83C62DDB08}.Release|x86.ActiveCfg = Release|Any CPU
		{AC0A8524-3839-47C0-8110-7A83C62DDB08}.Release|x86.Build.0 = Release|Any CPU
		{F65A0319-D07E-48CB-9006-533BA3EFEDE8}.Debug|Any CPU.ActiveCfg = Debug|Any CPU
		{F65A0319-D07E-48CB-9006-533BA3EFEDE8}.Debug|Any CPU.Build.0 = Debug|Any CPU
		{F65A0319-D07E-48CB-9006-533BA3EFEDE8}.Debug|x64.ActiveCfg = Debug|Any CPU
		{F65A0319-D07E-48CB-9006-533BA3EFEDE8}.Debug|x64.Build.0 = Debug|Any CPU
		{F65A0319-D07E-48CB-9006-533BA3EFEDE8}.Debug|x86.ActiveCfg = Debug|Any CPU
		{F65A0319-D07E-48CB-9006-533BA3EFEDE8}.Debug|x86.Build.0 = Debug|Any CPU
		{F65A0319-D07E-48CB-9006-533BA3EFEDE8}.Release|Any CPU.ActiveCfg = Release|Any CPU
		{F65A0319-D07E-48CB-9006-533BA3EFEDE8}.Release|Any CPU.Build.0 = Release|Any CPU
		{F65A0319-D07E-48CB-9006-533BA3EFEDE8}.Release|x64.ActiveCfg = Release|Any CPU
		{F65A0319-D07E-48CB-9006-533BA3EFEDE8}.Release|x64.Build.0 = Release|Any CPU
		{F65A0319-D07E-48CB-9006-533BA3EFEDE8}.Release|x86.ActiveCfg = Release|Any CPU
		{F65A0319-D07E-48CB-9006-533BA3EFEDE8}.Release|x86.Build.0 = Release|Any CPU
		{4A4EBDB3-3625-4EF7-AFC9-429FFC2AC7FD}.Debug|Any CPU.ActiveCfg = Debug|Any CPU
		{4A4EBDB3-3625-4EF7-AFC9-429FFC2AC7FD}.Debug|Any CPU.Build.0 = Debug|Any CPU
		{4A4EBDB3-3625-4EF7-AFC9-429FFC2AC7FD}.Debug|x64.ActiveCfg = Debug|Any CPU
		{4A4EBDB3-3625-4EF7-AFC9-429FFC2AC7FD}.Debug|x64.Build.0 = Debug|Any CPU
		{4A4EBDB3-3625-4EF7-AFC9-429FFC2AC7FD}.Debug|x86.ActiveCfg = Debug|Any CPU
		{4A4EBDB3-3625-4EF7-AFC9-429FFC2AC7FD}.Debug|x86.Build.0 = Debug|Any CPU
		{4A4EBDB3-3625-4EF7-AFC9-429FFC2AC7FD}.Release|Any CPU.ActiveCfg = Release|Any CPU
		{4A4EBDB3-3625-4EF7-AFC9-429FFC2AC7FD}.Release|Any CPU.Build.0 = Release|Any CPU
		{4A4EBDB3-3625-4EF7-AFC9-429FFC2AC7FD}.Release|x64.ActiveCfg = Release|Any CPU
		{4A4EBDB3-3625-4EF7-AFC9-429FFC2AC7FD}.Release|x64.Build.0 = Release|Any CPU
		{4A4EBDB3-3625-4EF7-AFC9-429FFC2AC7FD}.Release|x86.ActiveCfg = Release|Any CPU
		{4A4EBDB3-3625-4EF7-AFC9-429FFC2AC7FD}.Release|x86.Build.0 = Release|Any CPU
		{31D7BD57-0433-4D7A-BC75-EBDD01E878D3}.Debug|Any CPU.ActiveCfg = Debug|Any CPU
		{31D7BD57-0433-4D7A-BC75-EBDD01E878D3}.Debug|Any CPU.Build.0 = Debug|Any CPU
		{31D7BD57-0433-4D7A-BC75-EBDD01E878D3}.Debug|x64.ActiveCfg = Debug|Any CPU
		{31D7BD57-0433-4D7A-BC75-EBDD01E878D3}.Debug|x64.Build.0 = Debug|Any CPU
		{31D7BD57-0433-4D7A-BC75-EBDD01E878D3}.Debug|x86.ActiveCfg = Debug|Any CPU
		{31D7BD57-0433-4D7A-BC75-EBDD01E878D3}.Debug|x86.Build.0 = Debug|Any CPU
		{31D7BD57-0433-4D7A-BC75-EBDD01E878D3}.Release|Any CPU.ActiveCfg = Release|Any CPU
		{31D7BD57-0433-4D7A-BC75-EBDD01E878D3}.Release|Any CPU.Build.0 = Release|Any CPU
		{31D7BD57-0433-4D7A-BC75-EBDD01E878D3}.Release|x64.ActiveCfg = Release|Any CPU
		{31D7BD57-0433-4D7A-BC75-EBDD01E878D3}.Release|x64.Build.0 = Release|Any CPU
		{31D7BD57-0433-4D7A-BC75-EBDD01E878D3}.Release|x86.ActiveCfg = Release|Any CPU
		{31D7BD57-0433-4D7A-BC75-EBDD01E878D3}.Release|x86.Build.0 = Release|Any CPU
		{EDB4FE4C-8731-46C9-9C4F-ABC0FB17311E}.Debug|Any CPU.ActiveCfg = Debug|Any CPU
		{EDB4FE4C-8731-46C9-9C4F-ABC0FB17311E}.Debug|Any CPU.Build.0 = Debug|Any CPU
		{EDB4FE4C-8731-46C9-9C4F-ABC0FB17311E}.Debug|x64.ActiveCfg = Debug|Any CPU
		{EDB4FE4C-8731-46C9-9C4F-ABC0FB17311E}.Debug|x64.Build.0 = Debug|Any CPU
		{EDB4FE4C-8731-46C9-9C4F-ABC0FB17311E}.Debug|x86.ActiveCfg = Debug|Any CPU
		{EDB4FE4C-8731-46C9-9C4F-ABC0FB17311E}.Debug|x86.Build.0 = Debug|Any CPU
		{EDB4FE4C-8731-46C9-9C4F-ABC0FB17311E}.Release|Any CPU.ActiveCfg = Release|Any CPU
		{EDB4FE4C-8731-46C9-9C4F-ABC0FB17311E}.Release|Any CPU.Build.0 = Release|Any CPU
		{EDB4FE4C-8731-46C9-9C4F-ABC0FB17311E}.Release|x64.ActiveCfg = Release|Any CPU
		{EDB4FE4C-8731-46C9-9C4F-ABC0FB17311E}.Release|x64.Build.0 = Release|Any CPU
		{EDB4FE4C-8731-46C9-9C4F-ABC0FB17311E}.Release|x86.ActiveCfg = Release|Any CPU
		{EDB4FE4C-8731-46C9-9C4F-ABC0FB17311E}.Release|x86.Build.0 = Release|Any CPU
		{819C2219-15CA-46E4-80D5-7FF51AD6E553}.Debug|Any CPU.ActiveCfg = Debug|Any CPU
		{819C2219-15CA-46E4-80D5-7FF51AD6E553}.Debug|Any CPU.Build.0 = Debug|Any CPU
		{819C2219-15CA-46E4-80D5-7FF51AD6E553}.Debug|x64.ActiveCfg = Debug|Any CPU
		{819C2219-15CA-46E4-80D5-7FF51AD6E553}.Debug|x64.Build.0 = Debug|Any CPU
		{819C2219-15CA-46E4-80D5-7FF51AD6E553}.Debug|x86.ActiveCfg = Debug|Any CPU
		{819C2219-15CA-46E4-80D5-7FF51AD6E553}.Debug|x86.Build.0 = Debug|Any CPU
		{819C2219-15CA-46E4-80D5-7FF51AD6E553}.Release|Any CPU.ActiveCfg = Release|Any CPU
		{819C2219-15CA-46E4-80D5-7FF51AD6E553}.Release|Any CPU.Build.0 = Release|Any CPU
		{819C2219-15CA-46E4-80D5-7FF51AD6E553}.Release|x64.ActiveCfg = Release|Any CPU
		{819C2219-15CA-46E4-80D5-7FF51AD6E553}.Release|x64.Build.0 = Release|Any CPU
		{819C2219-15CA-46E4-80D5-7FF51AD6E553}.Release|x86.ActiveCfg = Release|Any CPU
		{819C2219-15CA-46E4-80D5-7FF51AD6E553}.Release|x86.Build.0 = Release|Any CPU
		{568F5823-F2C1-49ED-BDDF-3D3C46F591DD}.Debug|Any CPU.ActiveCfg = Debug|Any CPU
		{568F5823-F2C1-49ED-BDDF-3D3C46F591DD}.Debug|Any CPU.Build.0 = Debug|Any CPU
		{568F5823-F2C1-49ED-BDDF-3D3C46F591DD}.Debug|x64.ActiveCfg = Debug|Any CPU
		{568F5823-F2C1-49ED-BDDF-3D3C46F591DD}.Debug|x64.Build.0 = Debug|Any CPU
		{568F5823-F2C1-49ED-BDDF-3D3C46F591DD}.Debug|x86.ActiveCfg = Debug|Any CPU
		{568F5823-F2C1-49ED-BDDF-3D3C46F591DD}.Debug|x86.Build.0 = Debug|Any CPU
		{568F5823-F2C1-49ED-BDDF-3D3C46F591DD}.Release|Any CPU.ActiveCfg = Release|Any CPU
		{568F5823-F2C1-49ED-BDDF-3D3C46F591DD}.Release|Any CPU.Build.0 = Release|Any CPU
		{568F5823-F2C1-49ED-BDDF-3D3C46F591DD}.Release|x64.ActiveCfg = Release|Any CPU
		{568F5823-F2C1-49ED-BDDF-3D3C46F591DD}.Release|x64.Build.0 = Release|Any CPU
		{568F5823-F2C1-49ED-BDDF-3D3C46F591DD}.Release|x86.ActiveCfg = Release|Any CPU
		{568F5823-F2C1-49ED-BDDF-3D3C46F591DD}.Release|x86.Build.0 = Release|Any CPU
		{A5FD4A09-97DD-40E8-A8B1-C7C5142FDF67}.Debug|Any CPU.ActiveCfg = Debug|Any CPU
		{A5FD4A09-97DD-40E8-A8B1-C7C5142FDF67}.Debug|Any CPU.Build.0 = Debug|Any CPU
		{A5FD4A09-97DD-40E8-A8B1-C7C5142FDF67}.Debug|x64.ActiveCfg = Debug|Any CPU
		{A5FD4A09-97DD-40E8-A8B1-C7C5142FDF67}.Debug|x64.Build.0 = Debug|Any CPU
		{A5FD4A09-97DD-40E8-A8B1-C7C5142FDF67}.Debug|x86.ActiveCfg = Debug|Any CPU
		{A5FD4A09-97DD-40E8-A8B1-C7C5142FDF67}.Debug|x86.Build.0 = Debug|Any CPU
		{A5FD4A09-97DD-40E8-A8B1-C7C5142FDF67}.Release|Any CPU.ActiveCfg = Release|Any CPU
		{A5FD4A09-97DD-40E8-A8B1-C7C5142FDF67}.Release|Any CPU.Build.0 = Release|Any CPU
		{A5FD4A09-97DD-40E8-A8B1-C7C5142FDF67}.Release|x64.ActiveCfg = Release|Any CPU
		{A5FD4A09-97DD-40E8-A8B1-C7C5142FDF67}.Release|x64.Build.0 = Release|Any CPU
		{A5FD4A09-97DD-40E8-A8B1-C7C5142FDF67}.Release|x86.ActiveCfg = Release|Any CPU
		{A5FD4A09-97DD-40E8-A8B1-C7C5142FDF67}.Release|x86.Build.0 = Release|Any CPU
		{415503B2-A749-4EF1-90C9-7C407D93167F}.Debug|Any CPU.ActiveCfg = Debug|Any CPU
		{415503B2-A749-4EF1-90C9-7C407D93167F}.Debug|Any CPU.Build.0 = Debug|Any CPU
		{415503B2-A749-4EF1-90C9-7C407D93167F}.Debug|x64.ActiveCfg = Debug|Any CPU
		{415503B2-A749-4EF1-90C9-7C407D93167F}.Debug|x64.Build.0 = Debug|Any CPU
		{415503B2-A749-4EF1-90C9-7C407D93167F}.Debug|x86.ActiveCfg = Debug|Any CPU
		{415503B2-A749-4EF1-90C9-7C407D93167F}.Debug|x86.Build.0 = Debug|Any CPU
		{415503B2-A749-4EF1-90C9-7C407D93167F}.Release|Any CPU.ActiveCfg = Release|Any CPU
		{415503B2-A749-4EF1-90C9-7C407D93167F}.Release|Any CPU.Build.0 = Release|Any CPU
		{415503B2-A749-4EF1-90C9-7C407D93167F}.Release|x64.ActiveCfg = Release|Any CPU
		{415503B2-A749-4EF1-90C9-7C407D93167F}.Release|x64.Build.0 = Release|Any CPU
		{415503B2-A749-4EF1-90C9-7C407D93167F}.Release|x86.ActiveCfg = Release|Any CPU
		{415503B2-A749-4EF1-90C9-7C407D93167F}.Release|x86.Build.0 = Release|Any CPU
		{FFC0AFD9-87D3-4A51-8044-EFA28002DCD7}.Debug|Any CPU.ActiveCfg = Debug|Any CPU
		{FFC0AFD9-87D3-4A51-8044-EFA28002DCD7}.Debug|Any CPU.Build.0 = Debug|Any CPU
		{FFC0AFD9-87D3-4A51-8044-EFA28002DCD7}.Debug|x64.ActiveCfg = Debug|Any CPU
		{FFC0AFD9-87D3-4A51-8044-EFA28002DCD7}.Debug|x64.Build.0 = Debug|Any CPU
		{FFC0AFD9-87D3-4A51-8044-EFA28002DCD7}.Debug|x86.ActiveCfg = Debug|Any CPU
		{FFC0AFD9-87D3-4A51-8044-EFA28002DCD7}.Debug|x86.Build.0 = Debug|Any CPU
		{FFC0AFD9-87D3-4A51-8044-EFA28002DCD7}.Release|Any CPU.ActiveCfg = Release|Any CPU
		{FFC0AFD9-87D3-4A51-8044-EFA28002DCD7}.Release|Any CPU.Build.0 = Release|Any CPU
		{FFC0AFD9-87D3-4A51-8044-EFA28002DCD7}.Release|x64.ActiveCfg = Release|Any CPU
		{FFC0AFD9-87D3-4A51-8044-EFA28002DCD7}.Release|x64.Build.0 = Release|Any CPU
		{FFC0AFD9-87D3-4A51-8044-EFA28002DCD7}.Release|x86.ActiveCfg = Release|Any CPU
		{FFC0AFD9-87D3-4A51-8044-EFA28002DCD7}.Release|x86.Build.0 = Release|Any CPU
	EndGlobalSection
EndGlobal
